
Microsoft Visual Studio Solution File, Format Version 12.00
# Visual Studio Version 17
VisualStudioVersion = 17.13.35806.99 d17.13
MinimumVisualStudioVersion = 10.0.40219.1
Project("{FAE04EC0-301F-11D3-BF4B-00C04F79EFBC}") = "VehicleMaintenanceSystem", "VehicleMaintenanceSystem.csproj", "{8642E004-5EEB-46B4-9C42-9585FA812FE6}"
EndProject
Global
	GlobalSection(SolutionConfigurationPlatforms) = preSolution
		Debug|Any CPU = Debug|Any CPU
		Release|Any CPU = Release|Any CPU
	EndGlobalSection
	GlobalSection(ProjectConfigurationPlatforms) = postSolution
		{8642E004-5EEB-46B4-9C42-9585FA812FE6}.Debug|Any CPU.ActiveCfg = Debug|Any CPU
		{8642E004-5EEB-46B4-9C42-9585FA812FE6}.Debug|Any CPU.Build.0 = Debug|Any CPU
		{8642E004-5EEB-46B4-9C42-9585FA812FE6}.Release|Any CPU.ActiveCfg = Release|Any CPU
		{8642E004-5EEB-46B4-9C42-9585FA812FE6}.Release|Any CPU.Build.0 = Release|Any CPU
	EndGlobalSection
	GlobalSection(SolutionProperties) = preSolution
		HideSolutionNode = FALSE
	EndGlobalSection
	GlobalSection(ExtensibilityGlobals) = postSolution
		SolutionGuid = {23B175BB-37F5-4EEF-A3F9-7986D3D7A438}
	EndGlobalSection
EndGlobal
